// !$*UTF8*$!
{
	archiveVersion = 1;
	classes = {
	};
	objectVersion = 46;
	objects = {

/* Begin PBXBuildFile section */
		B12A67A71D87832F005CB6BD /* AxisHorizontal.swift in Sources */ = {isa = PBXBuildFile; fileRef = B12A67A51D87832F005CB6BD /* AxisHorizontal.swift */; };
		B12A67A81D87832F005CB6BD /* AxisHorizontal.xib in Resources */ = {isa = PBXBuildFile; fileRef = B12A67A61D87832F005CB6BD /* AxisHorizontal.xib */; };
		B12A67AB1D878423005CB6BD /* AxisVertical.swift in Sources */ = {isa = PBXBuildFile; fileRef = B12A67A91D878423005CB6BD /* AxisVertical.swift */; };
		B12A67AC1D878423005CB6BD /* AxisVertical.xib in Resources */ = {isa = PBXBuildFile; fileRef = B12A67AA1D878423005CB6BD /* AxisVertical.xib */; };
		B12A67AF1D87847B005CB6BD /* AlignCenter.swift in Sources */ = {isa = PBXBuildFile; fileRef = B12A67AD1D87847B005CB6BD /* AlignCenter.swift */; };
		B12A67B01D87847B005CB6BD /* AlignCenter.xib in Resources */ = {isa = PBXBuildFile; fileRef = B12A67AE1D87847B005CB6BD /* AlignCenter.xib */; };
		B12A67B31D8784E6005CB6BD /* AlignFirstLine.swift in Sources */ = {isa = PBXBuildFile; fileRef = B12A67B11D8784E6005CB6BD /* AlignFirstLine.swift */; };
		B12A67B41D8784E6005CB6BD /* AlignFirstLine.xib in Resources */ = {isa = PBXBuildFile; fileRef = B12A67B21D8784E6005CB6BD /* AlignFirstLine.xib */; };
		B12A67B71D878523005CB6BD /* AlignLastLine.swift in Sources */ = {isa = PBXBuildFile; fileRef = B12A67B51D878523005CB6BD /* AlignLastLine.swift */; };
		B12A67B81D878523005CB6BD /* AlignLastLine.xib in Resources */ = {isa = PBXBuildFile; fileRef = B12A67B61D878523005CB6BD /* AlignLastLine.xib */; };
		B12A67BB1D87855E005CB6BD /* AlignTrailing.swift in Sources */ = {isa = PBXBuildFile; fileRef = B12A67B91D87855E005CB6BD /* AlignTrailing.swift */; };
		B12A67BC1D87855E005CB6BD /* AlignTrailing.xib in Resources */ = {isa = PBXBuildFile; fileRef = B12A67BA1D87855E005CB6BD /* AlignTrailing.xib */; };
		B12A67BF1D8785BA005CB6BD /* DistributionFill.swift in Sources */ = {isa = PBXBuildFile; fileRef = B12A67BD1D8785BA005CB6BD /* DistributionFill.swift */; };
		B12A67C01D8785BA005CB6BD /* DistributionFill.xib in Resources */ = {isa = PBXBuildFile; fileRef = B12A67BE1D8785BA005CB6BD /* DistributionFill.xib */; };
		B12A67C31D878645005CB6BD /* DistributionProportionally.swift in Sources */ = {isa = PBXBuildFile; fileRef = B12A67C11D878645005CB6BD /* DistributionProportionally.swift */; };
		B12A67C41D878645005CB6BD /* DistributionProportionally.xib in Resources */ = {isa = PBXBuildFile; fileRef = B12A67C21D878645005CB6BD /* DistributionProportionally.xib */; };
		B12A67C71D8788BB005CB6BD /* DistributionEqualSpacing.swift in Sources */ = {isa = PBXBuildFile; fileRef = B12A67C51D8788BB005CB6BD /* DistributionEqualSpacing.swift */; };
		B12A67C81D8788BB005CB6BD /* DistributionEqualSpacing.xib in Resources */ = {isa = PBXBuildFile; fileRef = B12A67C61D8788BB005CB6BD /* DistributionEqualSpacing.xib */; };
		B12A67CB1D878943005CB6BD /* DistributionEqualCentering.swift in Sources */ = {isa = PBXBuildFile; fileRef = B12A67C91D878943005CB6BD /* DistributionEqualCentering.swift */; };
		B12A67CC1D878943005CB6BD /* DistributionEqualCentering.xib in Resources */ = {isa = PBXBuildFile; fileRef = B12A67CA1D878943005CB6BD /* DistributionEqualCentering.xib */; };
		CB83703E1E67C3B7009667E5 /* 820283.jpg in Resources */ = {isa = PBXBuildFile; fileRef = CB83703C1E67C3B7009667E5 /* 820283.jpg */; };
		CB83703F1E67C3B7009667E5 /* playboy.jpg in Resources */ = {isa = PBXBuildFile; fileRef = CB83703D1E67C3B7009667E5 /* playboy.jpg */; };
		CB8370421E67C43B009667E5 /* TopLeftBottomRight.swift in Sources */ = {isa = PBXBuildFile; fileRef = CB8370401E67C43B009667E5 /* TopLeftBottomRight.swift */; };
		CB8370431E67C43B009667E5 /* TopLeftBottomRight.xib in Resources */ = {isa = PBXBuildFile; fileRef = CB8370411E67C43B009667E5 /* TopLeftBottomRight.xib */; };
		CB8370461E67D21A009667E5 /* CenterHVBaseLine.swift in Sources */ = {isa = PBXBuildFile; fileRef = CB8370441E67D21A009667E5 /* CenterHVBaseLine.swift */; };
		CB8370471E67D21A009667E5 /* CenterHVBaseLine.xib in Resources */ = {isa = PBXBuildFile; fileRef = CB8370451E67D21A009667E5 /* CenterHVBaseLine.xib */; };
		CB83704A1E67E383009667E5 /* RelationPriority.swift in Sources */ = {isa = PBXBuildFile; fileRef = CB8370481E67E383009667E5 /* RelationPriority.swift */; };
		CB83704B1E67E383009667E5 /* RelationPriority.xib in Resources */ = {isa = PBXBuildFile; fileRef = CB8370491E67E383009667E5 /* RelationPriority.xib */; };
		CB83704F1E67E734009667E5 /* Challenge1.swift in Sources */ = {isa = PBXBuildFile; fileRef = CB83704D1E67E734009667E5 /* Challenge1.swift */; };
		CB8370501E67E734009667E5 /* Challenge1.xib in Resources */ = {isa = PBXBuildFile; fileRef = CB83704E1E67E734009667E5 /* Challenge1.xib */; };
		CB8370561E67E750009667E5 /* board.png in Resources */ = {isa = PBXBuildFile; fileRef = CB8370511E67E750009667E5 /* board.png */; };
		CB8370571E67E750009667E5 /* Cartoon-Springs-PPT-Backgrounds-1024x768.jpg in Resources */ = {isa = PBXBuildFile; fileRef = CB8370521E67E750009667E5 /* Cartoon-Springs-PPT-Backgrounds-1024x768.jpg */; };
		CB8370581E67E750009667E5 /* note1.png in Resources */ = {isa = PBXBuildFile; fileRef = CB8370531E67E750009667E5 /* note1.png */; };
		CB8370591E67E750009667E5 /* note2.png in Resources */ = {isa = PBXBuildFile; fileRef = CB8370541E67E750009667E5 /* note2.png */; };
		CB83705A1E67E750009667E5 /* note3.png in Resources */ = {isa = PBXBuildFile; fileRef = CB8370551E67E750009667E5 /* note3.png */; };
		CB8B146A1E5EEB0F003139B7 /* BasicLayout.swift in Sources */ = {isa = PBXBuildFile; fileRef = CB8B14681E5EEB0F003139B7 /* BasicLayout.swift */; };
		CB8B146B1E5EEB0F003139B7 /* BasicLayout.xib in Resources */ = {isa = PBXBuildFile; fileRef = CB8B14691E5EEB0F003139B7 /* BasicLayout.xib */; };
		CBEDC3691E5E918B00002BC2 /* UIScrollView.swift in Sources */ = {isa = PBXBuildFile; fileRef = CBEDC3671E5E918B00002BC2 /* UIScrollView.swift */; };
		CBEDC36A1E5E918B00002BC2 /* UIScrollView.xib in Resources */ = {isa = PBXBuildFile; fileRef = CBEDC3681E5E918B00002BC2 /* UIScrollView.xib */; };
		CBEDC36E1E5E9EB300002BC2 /* bottom_1376_167.png in Resources */ = {isa = PBXBuildFile; fileRef = CBEDC36B1E5E9EB300002BC2 /* bottom_1376_167.png */; };
		CBEDC36F1E5E9EB300002BC2 /* mid_1376_577.png in Resources */ = {isa = PBXBuildFile; fileRef = CBEDC36C1E5E9EB300002BC2 /* mid_1376_577.png */; };
		CBEDC3701E5E9EB300002BC2 /* top_1376_111.png in Resources */ = {isa = PBXBuildFile; fileRef = CBEDC36D1E5E9EB300002BC2 /* top_1376_111.png */; };
		CBEDC3731E5EA1E800002BC2 /* SizeClasses.swift in Sources */ = {isa = PBXBuildFile; fileRef = CBEDC3711E5EA1E800002BC2 /* SizeClasses.swift */; };
		CBEDC3741E5EA1E800002BC2 /* SizeClasses.xib in Resources */ = {isa = PBXBuildFile; fileRef = CBEDC3721E5EA1E800002BC2 /* SizeClasses.xib */; };
		E20FBDBC1D86B6220082E572 /* AppDelegate.swift in Sources */ = {isa = PBXBuildFile; fileRef = E20FBDB81D86B6220082E572 /* AppDelegate.swift */; };
		E20FBDBD1D86B6220082E572 /* BootLogic.swift in Sources */ = {isa = PBXBuildFile; fileRef = E20FBDB91D86B6220082E572 /* BootLogic.swift */; };
		E20FBDBE1D86B6220082E572 /* ConsoleScreen.swift in Sources */ = {isa = PBXBuildFile; fileRef = E20FBDBA1D86B6220082E572 /* ConsoleScreen.swift */; };
		E20FBDBF1D86B6220082E572 /* MainScreen.swift in Sources */ = {isa = PBXBuildFile; fileRef = E20FBDBB1D86B6220082E572 /* MainScreen.swift */; };
		E20FBDC11D86B7160082E572 /* Default-568h@2x.png in Resources */ = {isa = PBXBuildFile; fileRef = E20FBDC01D86B7160082E572 /* Default-568h@2x.png */; };
		E24CD06319EE1D08008A127F /* DemoOptions.swift in Sources */ = {isa = PBXBuildFile; fileRef = E24CD06219EE1D08008A127F /* DemoOptions.swift */; };
		E25BC64A19ED3B6E00330923 /* FourSquares.swift in Sources */ = {isa = PBXBuildFile; fileRef = E25BC64919ED3B6E00330923 /* FourSquares.swift */; };
		E25BC64C19ED59BD00330923 /* UpdateConstrainOnRotation.swift in Sources */ = {isa = PBXBuildFile; fileRef = E25BC64B19ED59BD00330923 /* UpdateConstrainOnRotation.swift */; };
		E25BC64E19ED727200330923 /* DemoIntrinsicContentSize.swift in Sources */ = {isa = PBXBuildFile; fileRef = E25BC64D19ED727200330923 /* DemoIntrinsicContentSize.swift */; };
		E25BC65019ED788900330923 /* ModifyConstraint.swift in Sources */ = {isa = PBXBuildFile; fileRef = E25BC64F19ED788900330923 /* ModifyConstraint.swift */; };
		E27AA85019EB7587005705EE /* Images.xcassets in Resources */ = {isa = PBXBuildFile; fileRef = E27AA84F19EB7587005705EE /* Images.xcassets */; };
		E27AA88519EB7BD3005705EE /* CenterView.swift in Sources */ = {isa = PBXBuildFile; fileRef = E27AA88319EB7BD3005705EE /* CenterView.swift */; };
		E27AA88619EB7BD3005705EE /* CenterView.xib in Resources */ = {isa = PBXBuildFile; fileRef = E27AA88419EB7BD3005705EE /* CenterView.xib */; };
		E27AA88B19EB7E95005705EE /* CenterMarginView.swift in Sources */ = {isa = PBXBuildFile; fileRef = E27AA88919EB7E95005705EE /* CenterMarginView.swift */; };
		E27AA88C19EB7E95005705EE /* CenterMarginView.xib in Resources */ = {isa = PBXBuildFile; fileRef = E27AA88A19EB7E95005705EE /* CenterMarginView.xib */; };
		E27AA88F19EB828A005705EE /* MarginWithOther.swift in Sources */ = {isa = PBXBuildFile; fileRef = E27AA88D19EB828A005705EE /* MarginWithOther.swift */; };
		E27AA89019EB828A005705EE /* MarginWithOther.xib in Resources */ = {isa = PBXBuildFile; fileRef = E27AA88E19EB828A005705EE /* MarginWithOther.xib */; };
		E2C79D5219ED115900763FF5 /* CenterX.swift in Sources */ = {isa = PBXBuildFile; fileRef = E2C79D5019ED115900763FF5 /* CenterX.swift */; };
		E2E644901E5FE4E500892F71 /* ReadMe.md in Sources */ = {isa = PBXBuildFile; fileRef = E2E6448F1E5FE4E500892F71 /* ReadMe.md */; };
		E2E644931E5FE67E00892F71 /* RawScrollView.swift in Sources */ = {isa = PBXBuildFile; fileRef = E2E644911E5FE67E00892F71 /* RawScrollView.swift */; };
		E2E644941E5FE67E00892F71 /* RawScrollView.xib in Resources */ = {isa = PBXBuildFile; fileRef = E2E644921E5FE67E00892F71 /* RawScrollView.xib */; };
		E2E863AD19EBDE8E00AE1DB8 /* UIViewLayout.swift in Sources */ = {isa = PBXBuildFile; fileRef = E2E863AC19EBDE8E00AE1DB8 /* UIViewLayout.swift */; };
		E2F2AA0219ED2A860001D7DC /* CenterAll.swift in Sources */ = {isa = PBXBuildFile; fileRef = E2F2AA0119ED2A860001D7DC /* CenterAll.swift */; };
		E2F2AA0419ED2C6F0001D7DC /* EqualWidth.swift in Sources */ = {isa = PBXBuildFile; fileRef = E2F2AA0319ED2C6F0001D7DC /* EqualWidth.swift */; };
		E2F2AA0819ED35590001D7DC /* DemoMetrics.swift in Sources */ = {isa = PBXBuildFile; fileRef = E2F2AA0719ED35590001D7DC /* DemoMetrics.swift */; };
		E2F2AA0A19ED37FE0001D7DC /* DemoMultipler.swift in Sources */ = {isa = PBXBuildFile; fileRef = E2F2AA0919ED37FE0001D7DC /* DemoMultipler.swift */; };
/* End PBXBuildFile section */

/* Begin PBXFileReference section */
		B12A67A51D87832F005CB6BD /* AxisHorizontal.swift */ = {isa = PBXFileReference; fileEncoding = 4; lastKnownFileType = sourcecode.swift; path = AxisHorizontal.swift; sourceTree = "<group>"; };
		B12A67A61D87832F005CB6BD /* AxisHorizontal.xib */ = {isa = PBXFileReference; fileEncoding = 4; lastKnownFileType = file.xib; path = AxisHorizontal.xib; sourceTree = "<group>"; };
		B12A67A91D878423005CB6BD /* AxisVertical.swift */ = {isa = PBXFileReference; fileEncoding = 4; lastKnownFileType = sourcecode.swift; path = AxisVertical.swift; sourceTree = "<group>"; };
		B12A67AA1D878423005CB6BD /* AxisVertical.xib */ = {isa = PBXFileReference; fileEncoding = 4; lastKnownFileType = file.xib; path = AxisVertical.xib; sourceTree = "<group>"; };
		B12A67AD1D87847B005CB6BD /* AlignCenter.swift */ = {isa = PBXFileReference; fileEncoding = 4; lastKnownFileType = sourcecode.swift; path = AlignCenter.swift; sourceTree = "<group>"; };
		B12A67AE1D87847B005CB6BD /* AlignCenter.xib */ = {isa = PBXFileReference; fileEncoding = 4; lastKnownFileType = file.xib; path = AlignCenter.xib; sourceTree = "<group>"; };
		B12A67B11D8784E6005CB6BD /* AlignFirstLine.swift */ = {isa = PBXFileReference; fileEncoding = 4; lastKnownFileType = sourcecode.swift; path = AlignFirstLine.swift; sourceTree = "<group>"; };
		B12A67B21D8784E6005CB6BD /* AlignFirstLine.xib */ = {isa = PBXFileReference; fileEncoding = 4; lastKnownFileType = file.xib; path = AlignFirstLine.xib; sourceTree = "<group>"; };
		B12A67B51D878523005CB6BD /* AlignLastLine.swift */ = {isa = PBXFileReference; fileEncoding = 4; lastKnownFileType = sourcecode.swift; path = AlignLastLine.swift; sourceTree = "<group>"; };
		B12A67B61D878523005CB6BD /* AlignLastLine.xib */ = {isa = PBXFileReference; fileEncoding = 4; lastKnownFileType = file.xib; path = AlignLastLine.xib; sourceTree = "<group>"; };
		B12A67B91D87855E005CB6BD /* AlignTrailing.swift */ = {isa = PBXFileReference; fileEncoding = 4; lastKnownFileType = sourcecode.swift; path = AlignTrailing.swift; sourceTree = "<group>"; };
		B12A67BA1D87855E005CB6BD /* AlignTrailing.xib */ = {isa = PBXFileReference; fileEncoding = 4; lastKnownFileType = file.xib; path = AlignTrailing.xib; sourceTree = "<group>"; };
		B12A67BD1D8785BA005CB6BD /* DistributionFill.swift */ = {isa = PBXFileReference; fileEncoding = 4; lastKnownFileType = sourcecode.swift; path = DistributionFill.swift; sourceTree = "<group>"; };
		B12A67BE1D8785BA005CB6BD /* DistributionFill.xib */ = {isa = PBXFileReference; fileEncoding = 4; lastKnownFileType = file.xib; path = DistributionFill.xib; sourceTree = "<group>"; };
		B12A67C11D878645005CB6BD /* DistributionProportionally.swift */ = {isa = PBXFileReference; fileEncoding = 4; lastKnownFileType = sourcecode.swift; path = DistributionProportionally.swift; sourceTree = "<group>"; };
		B12A67C21D878645005CB6BD /* DistributionProportionally.xib */ = {isa = PBXFileReference; fileEncoding = 4; lastKnownFileType = file.xib; path = DistributionProportionally.xib; sourceTree = "<group>"; };
		B12A67C51D8788BB005CB6BD /* DistributionEqualSpacing.swift */ = {isa = PBXFileReference; fileEncoding = 4; lastKnownFileType = sourcecode.swift; path = DistributionEqualSpacing.swift; sourceTree = "<group>"; };
		B12A67C61D8788BB005CB6BD /* DistributionEqualSpacing.xib */ = {isa = PBXFileReference; fileEncoding = 4; lastKnownFileType = file.xib; path = DistributionEqualSpacing.xib; sourceTree = "<group>"; };
		B12A67C91D878943005CB6BD /* DistributionEqualCentering.swift */ = {isa = PBXFileReference; fileEncoding = 4; lastKnownFileType = sourcecode.swift; path = DistributionEqualCentering.swift; sourceTree = "<group>"; };
		B12A67CA1D878943005CB6BD /* DistributionEqualCentering.xib */ = {isa = PBXFileReference; fileEncoding = 4; lastKnownFileType = file.xib; path = DistributionEqualCentering.xib; sourceTree = "<group>"; };
		CB83703C1E67C3B7009667E5 /* 820283.jpg */ = {isa = PBXFileReference; lastKnownFileType = image.jpeg; name = 820283.jpg; path = photos/820283.jpg; sourceTree = "<group>"; };
		CB83703D1E67C3B7009667E5 /* playboy.jpg */ = {isa = PBXFileReference; lastKnownFileType = image.jpeg; name = playboy.jpg; path = photos/playboy.jpg; sourceTree = "<group>"; };
		CB8370401E67C43B009667E5 /* TopLeftBottomRight.swift */ = {isa = PBXFileReference; fileEncoding = 4; lastKnownFileType = sourcecode.swift; path = TopLeftBottomRight.swift; sourceTree = "<group>"; };
		CB8370411E67C43B009667E5 /* TopLeftBottomRight.xib */ = {isa = PBXFileReference; fileEncoding = 4; lastKnownFileType = file.xib; path = TopLeftBottomRight.xib; sourceTree = "<group>"; };
		CB8370441E67D21A009667E5 /* CenterHVBaseLine.swift */ = {isa = PBXFileReference; fileEncoding = 4; lastKnownFileType = sourcecode.swift; path = CenterHVBaseLine.swift; sourceTree = "<group>"; };
		CB8370451E67D21A009667E5 /* CenterHVBaseLine.xib */ = {isa = PBXFileReference; fileEncoding = 4; lastKnownFileType = file.xib; path = CenterHVBaseLine.xib; sourceTree = "<group>"; };
		CB8370481E67E383009667E5 /* RelationPriority.swift */ = {isa = PBXFileReference; fileEncoding = 4; lastKnownFileType = sourcecode.swift; path = RelationPriority.swift; sourceTree = "<group>"; };
		CB8370491E67E383009667E5 /* RelationPriority.xib */ = {isa = PBXFileReference; fileEncoding = 4; lastKnownFileType = file.xib; path = RelationPriority.xib; sourceTree = "<group>"; };
		CB83704D1E67E734009667E5 /* Challenge1.swift */ = {isa = PBXFileReference; fileEncoding = 4; lastKnownFileType = sourcecode.swift; path = Challenge1.swift; sourceTree = "<group>"; };
		CB83704E1E67E734009667E5 /* Challenge1.xib */ = {isa = PBXFileReference; fileEncoding = 4; lastKnownFileType = file.xib; path = Challenge1.xib; sourceTree = "<group>"; };
		CB8370511E67E750009667E5 /* board.png */ = {isa = PBXFileReference; lastKnownFileType = image.png; path = board.png; sourceTree = "<group>"; };
		CB8370521E67E750009667E5 /* Cartoon-Springs-PPT-Backgrounds-1024x768.jpg */ = {isa = PBXFileReference; lastKnownFileType = image.jpeg; path = "Cartoon-Springs-PPT-Backgrounds-1024x768.jpg"; sourceTree = "<group>"; };
		CB8370531E67E750009667E5 /* note1.png */ = {isa = PBXFileReference; lastKnownFileType = image.png; path = note1.png; sourceTree = "<group>"; };
		CB8370541E67E750009667E5 /* note2.png */ = {isa = PBXFileReference; lastKnownFileType = image.png; path = note2.png; sourceTree = "<group>"; };
		CB8370551E67E750009667E5 /* note3.png */ = {isa = PBXFileReference; lastKnownFileType = image.png; path = note3.png; sourceTree = "<group>"; };
		CB8B14681E5EEB0F003139B7 /* BasicLayout.swift */ = {isa = PBXFileReference; fileEncoding = 4; lastKnownFileType = sourcecode.swift; path = BasicLayout.swift; sourceTree = "<group>"; };
		CB8B14691E5EEB0F003139B7 /* BasicLayout.xib */ = {isa = PBXFileReference; fileEncoding = 4; lastKnownFileType = file.xib; path = BasicLayout.xib; sourceTree = "<group>"; };
		CBEDC3671E5E918B00002BC2 /* UIScrollView.swift */ = {isa = PBXFileReference; fileEncoding = 4; lastKnownFileType = sourcecode.swift; path = UIScrollView.swift; sourceTree = "<group>"; };
		CBEDC3681E5E918B00002BC2 /* UIScrollView.xib */ = {isa = PBXFileReference; fileEncoding = 4; lastKnownFileType = file.xib; path = UIScrollView.xib; sourceTree = "<group>"; };
		CBEDC36B1E5E9EB300002BC2 /* bottom_1376_167.png */ = {isa = PBXFileReference; lastKnownFileType = image.png; name = bottom_1376_167.png; path = ../bottom_1376_167.png; sourceTree = "<group>"; };
		CBEDC36C1E5E9EB300002BC2 /* mid_1376_577.png */ = {isa = PBXFileReference; lastKnownFileType = image.png; name = mid_1376_577.png; path = ../mid_1376_577.png; sourceTree = "<group>"; };
		CBEDC36D1E5E9EB300002BC2 /* top_1376_111.png */ = {isa = PBXFileReference; lastKnownFileType = image.png; name = top_1376_111.png; path = ../top_1376_111.png; sourceTree = "<group>"; };
		CBEDC3711E5EA1E800002BC2 /* SizeClasses.swift */ = {isa = PBXFileReference; fileEncoding = 4; lastKnownFileType = sourcecode.swift; path = SizeClasses.swift; sourceTree = "<group>"; };
		CBEDC3721E5EA1E800002BC2 /* SizeClasses.xib */ = {isa = PBXFileReference; fileEncoding = 4; lastKnownFileType = file.xib; path = SizeClasses.xib; sourceTree = "<group>"; };
		E20FBDB81D86B6220082E572 /* AppDelegate.swift */ = {isa = PBXFileReference; fileEncoding = 4; lastKnownFileType = sourcecode.swift; path = AppDelegate.swift; sourceTree = "<group>"; };
		E20FBDB91D86B6220082E572 /* BootLogic.swift */ = {isa = PBXFileReference; fileEncoding = 4; lastKnownFileType = sourcecode.swift; path = BootLogic.swift; sourceTree = "<group>"; };
		E20FBDBA1D86B6220082E572 /* ConsoleScreen.swift */ = {isa = PBXFileReference; fileEncoding = 4; lastKnownFileType = sourcecode.swift; path = ConsoleScreen.swift; sourceTree = "<group>"; };
		E20FBDBB1D86B6220082E572 /* MainScreen.swift */ = {isa = PBXFileReference; fileEncoding = 4; lastKnownFileType = sourcecode.swift; path = MainScreen.swift; sourceTree = "<group>"; };
		E20FBDC01D86B7160082E572 /* Default-568h@2x.png */ = {isa = PBXFileReference; lastKnownFileType = image.png; name = "Default-568h@2x.png"; path = "../Default-568h@2x.png"; sourceTree = "<group>"; };
		E24CD06219EE1D08008A127F /* DemoOptions.swift */ = {isa = PBXFileReference; fileEncoding = 4; lastKnownFileType = sourcecode.swift; path = DemoOptions.swift; sourceTree = "<group>"; };
		E25BC64919ED3B6E00330923 /* FourSquares.swift */ = {isa = PBXFileReference; fileEncoding = 4; lastKnownFileType = sourcecode.swift; path = FourSquares.swift; sourceTree = "<group>"; };
		E25BC64B19ED59BD00330923 /* UpdateConstrainOnRotation.swift */ = {isa = PBXFileReference; fileEncoding = 4; lastKnownFileType = sourcecode.swift; path = UpdateConstrainOnRotation.swift; sourceTree = "<group>"; };
		E25BC64D19ED727200330923 /* DemoIntrinsicContentSize.swift */ = {isa = PBXFileReference; fileEncoding = 4; lastKnownFileType = sourcecode.swift; path = DemoIntrinsicContentSize.swift; sourceTree = "<group>"; };
		E25BC64F19ED788900330923 /* ModifyConstraint.swift */ = {isa = PBXFileReference; fileEncoding = 4; lastKnownFileType = sourcecode.swift; path = ModifyConstraint.swift; sourceTree = "<group>"; };
		E27AA84319EB7587005705EE /* DemoAdaptiveLayout.app */ = {isa = PBXFileReference; explicitFileType = wrapper.application; includeInIndex = 0; path = DemoAdaptiveLayout.app; sourceTree = BUILT_PRODUCTS_DIR; };
		E27AA84719EB7587005705EE /* Info.plist */ = {isa = PBXFileReference; lastKnownFileType = text.plist.xml; path = Info.plist; sourceTree = "<group>"; };
		E27AA84F19EB7587005705EE /* Images.xcassets */ = {isa = PBXFileReference; lastKnownFileType = folder.assetcatalog; path = Images.xcassets; sourceTree = "<group>"; };
		E27AA88319EB7BD3005705EE /* CenterView.swift */ = {isa = PBXFileReference; fileEncoding = 4; lastKnownFileType = sourcecode.swift; path = CenterView.swift; sourceTree = "<group>"; };
		E27AA88419EB7BD3005705EE /* CenterView.xib */ = {isa = PBXFileReference; fileEncoding = 4; lastKnownFileType = file.xib; path = CenterView.xib; sourceTree = "<group>"; };
		E27AA88919EB7E95005705EE /* CenterMarginView.swift */ = {isa = PBXFileReference; fileEncoding = 4; lastKnownFileType = sourcecode.swift; path = CenterMarginView.swift; sourceTree = "<group>"; };
		E27AA88A19EB7E95005705EE /* CenterMarginView.xib */ = {isa = PBXFileReference; fileEncoding = 4; lastKnownFileType = file.xib; path = CenterMarginView.xib; sourceTree = "<group>"; };
		E27AA88D19EB828A005705EE /* MarginWithOther.swift */ = {isa = PBXFileReference; fileEncoding = 4; lastKnownFileType = sourcecode.swift; path = MarginWithOther.swift; sourceTree = "<group>"; };
		E27AA88E19EB828A005705EE /* MarginWithOther.xib */ = {isa = PBXFileReference; fileEncoding = 4; lastKnownFileType = file.xib; path = MarginWithOther.xib; sourceTree = "<group>"; };
		E2C79D5019ED115900763FF5 /* CenterX.swift */ = {isa = PBXFileReference; fileEncoding = 4; lastKnownFileType = sourcecode.swift; path = CenterX.swift; sourceTree = "<group>"; };
		E2E6448F1E5FE4E500892F71 /* ReadMe.md */ = {isa = PBXFileReference; fileEncoding = 4; lastKnownFileType = net.daringfireball.markdown; path = ReadMe.md; sourceTree = "<group>"; };
		E2E644911E5FE67E00892F71 /* RawScrollView.swift */ = {isa = PBXFileReference; fileEncoding = 4; lastKnownFileType = sourcecode.swift; path = RawScrollView.swift; sourceTree = "<group>"; };
		E2E644921E5FE67E00892F71 /* RawScrollView.xib */ = {isa = PBXFileReference; fileEncoding = 4; lastKnownFileType = file.xib; path = RawScrollView.xib; sourceTree = "<group>"; };
		E2E863AC19EBDE8E00AE1DB8 /* UIViewLayout.swift */ = {isa = PBXFileReference; fileEncoding = 4; lastKnownFileType = sourcecode.swift; path = UIViewLayout.swift; sourceTree = "<group>"; };
		E2F2AA0119ED2A860001D7DC /* CenterAll.swift */ = {isa = PBXFileReference; fileEncoding = 4; lastKnownFileType = sourcecode.swift; path = CenterAll.swift; sourceTree = "<group>"; };
		E2F2AA0319ED2C6F0001D7DC /* EqualWidth.swift */ = {isa = PBXFileReference; fileEncoding = 4; lastKnownFileType = sourcecode.swift; path = EqualWidth.swift; sourceTree = "<group>"; };
		E2F2AA0719ED35590001D7DC /* DemoMetrics.swift */ = {isa = PBXFileReference; fileEncoding = 4; lastKnownFileType = sourcecode.swift; path = DemoMetrics.swift; sourceTree = "<group>"; };
		E2F2AA0919ED37FE0001D7DC /* DemoMultipler.swift */ = {isa = PBXFileReference; fileEncoding = 4; lastKnownFileType = sourcecode.swift; path = DemoMultipler.swift; sourceTree = "<group>"; };
/* End PBXFileReference section */

/* Begin PBXFrameworksBuildPhase section */
		E27AA84019EB7587005705EE /* Frameworks */ = {
			isa = PBXFrameworksBuildPhase;
			buildActionMask = 2147483647;
			files = (
			);
			runOnlyForDeploymentPostprocessing = 0;
		};
/* End PBXFrameworksBuildPhase section */

/* Begin PBXGroup section */
		B12A67A41D8781C2005CB6BD /* UIStackView */ = {
			isa = PBXGroup;
			children = (
				B12A67A51D87832F005CB6BD /* AxisHorizontal.swift */,
				B12A67A61D87832F005CB6BD /* AxisHorizontal.xib */,
				B12A67B11D8784E6005CB6BD /* AlignFirstLine.swift */,
				B12A67B21D8784E6005CB6BD /* AlignFirstLine.xib */,
				B12A67B51D878523005CB6BD /* AlignLastLine.swift */,
				B12A67B61D878523005CB6BD /* AlignLastLine.xib */,
				B12A67A91D878423005CB6BD /* AxisVertical.swift */,
				B12A67AA1D878423005CB6BD /* AxisVertical.xib */,
				B12A67AD1D87847B005CB6BD /* AlignCenter.swift */,
				B12A67AE1D87847B005CB6BD /* AlignCenter.xib */,
				B12A67B91D87855E005CB6BD /* AlignTrailing.swift */,
				B12A67BA1D87855E005CB6BD /* AlignTrailing.xib */,
				B12A67BD1D8785BA005CB6BD /* DistributionFill.swift */,
				B12A67BE1D8785BA005CB6BD /* DistributionFill.xib */,
				B12A67C11D878645005CB6BD /* DistributionProportionally.swift */,
				B12A67C21D878645005CB6BD /* DistributionProportionally.xib */,
				B12A67C51D8788BB005CB6BD /* DistributionEqualSpacing.swift */,
				B12A67C61D8788BB005CB6BD /* DistributionEqualSpacing.xib */,
				B12A67C91D878943005CB6BD /* DistributionEqualCentering.swift */,
				B12A67CA1D878943005CB6BD /* DistributionEqualCentering.xib */,
			);
			name = UIStackView;
			sourceTree = "<group>";
		};
		CB83704C1E67E6C3009667E5 /* Challenge */ = {
			isa = PBXGroup;
			children = (
				CB83704D1E67E734009667E5 /* Challenge1.swift */,
				CB83704E1E67E734009667E5 /* Challenge1.xib */,
			);
			name = Challenge;
			sourceTree = "<group>";
		};
		E27AA83A19EB7587005705EE = {
			isa = PBXGroup;
			children = (
				E2E6448F1E5FE4E500892F71 /* ReadMe.md */,
				E27AA84519EB7587005705EE /* DemoAdaptiveLayout */,
				E27AA84419EB7587005705EE /* Products */,
			);
			sourceTree = "<group>";
		};
		E27AA84419EB7587005705EE /* Products */ = {
			isa = PBXGroup;
			children = (
				E27AA84319EB7587005705EE /* DemoAdaptiveLayout.app */,
			);
			name = Products;
			sourceTree = "<group>";
		};
		E27AA84519EB7587005705EE /* DemoAdaptiveLayout */ = {
			isa = PBXGroup;
			children = (
				CB83704C1E67E6C3009667E5 /* Challenge */,
				E2E6448E1E5FE32600892F71 /* Images */,
				E27AA86819EB75A6005705EE /* Core */,
				E27AA88219EB7BB0005705EE /* Basic */,
				E2AA52B319ECD94B00C14660 /* AutolayoutByProgramming */,
				B12A67A41D8781C2005CB6BD /* UIStackView */,
				E27AA84F19EB7587005705EE /* Images.xcassets */,
				E27AA84619EB7587005705EE /* Supporting Files */,
			);
			path = DemoAdaptiveLayout;
			sourceTree = "<group>";
		};
		E27AA84619EB7587005705EE /* Supporting Files */ = {
			isa = PBXGroup;
			children = (
				E27AA84719EB7587005705EE /* Info.plist */,
			);
			name = "Supporting Files";
			sourceTree = "<group>";
		};
		E27AA86819EB75A6005705EE /* Core */ = {
			isa = PBXGroup;
			children = (
				E20FBDB81D86B6220082E572 /* AppDelegate.swift */,
				E20FBDB91D86B6220082E572 /* BootLogic.swift */,
				E20FBDBA1D86B6220082E572 /* ConsoleScreen.swift */,
				E20FBDBB1D86B6220082E572 /* MainScreen.swift */,
				E2E863AC19EBDE8E00AE1DB8 /* UIViewLayout.swift */,
			);
			name = Core;
			sourceTree = "<group>";
		};
		E27AA88219EB7BB0005705EE /* Basic */ = {
			isa = PBXGroup;
			children = (
				CB8B14681E5EEB0F003139B7 /* BasicLayout.swift */,
				CB8B14691E5EEB0F003139B7 /* BasicLayout.xib */,
				CB8370401E67C43B009667E5 /* TopLeftBottomRight.swift */,
				CB8370411E67C43B009667E5 /* TopLeftBottomRight.xib */,
				CB8370441E67D21A009667E5 /* CenterHVBaseLine.swift */,
				CB8370451E67D21A009667E5 /* CenterHVBaseLine.xib */,
				CB8370481E67E383009667E5 /* RelationPriority.swift */,
				CB8370491E67E383009667E5 /* RelationPriority.xib */,
				E27AA88319EB7BD3005705EE /* CenterView.swift */,
				E27AA88419EB7BD3005705EE /* CenterView.xib */,
				E27AA88919EB7E95005705EE /* CenterMarginView.swift */,
				E27AA88A19EB7E95005705EE /* CenterMarginView.xib */,
				E27AA88D19EB828A005705EE /* MarginWithOther.swift */,
				E27AA88E19EB828A005705EE /* MarginWithOther.xib */,
				CBEDC3671E5E918B00002BC2 /* UIScrollView.swift */,
				CBEDC3681E5E918B00002BC2 /* UIScrollView.xib */,
				CBEDC3711E5EA1E800002BC2 /* SizeClasses.swift */,
				CBEDC3721E5EA1E800002BC2 /* SizeClasses.xib */,
				E2E644911E5FE67E00892F71 /* RawScrollView.swift */,
				E2E644921E5FE67E00892F71 /* RawScrollView.xib */,
			);
			name = Basic;
			sourceTree = "<group>";
		};
		E2AA52B319ECD94B00C14660 /* AutolayoutByProgramming */ = {
			isa = PBXGroup;
			children = (
				E2C79D5019ED115900763FF5 /* CenterX.swift */,
				E2F2AA0119ED2A860001D7DC /* CenterAll.swift */,
				E2F2AA0319ED2C6F0001D7DC /* EqualWidth.swift */,
				E2F2AA0719ED35590001D7DC /* DemoMetrics.swift */,
				E2F2AA0919ED37FE0001D7DC /* DemoMultipler.swift */,
				E25BC64919ED3B6E00330923 /* FourSquares.swift */,
				E25BC64B19ED59BD00330923 /* UpdateConstrainOnRotation.swift */,
				E25BC64D19ED727200330923 /* DemoIntrinsicContentSize.swift */,
				E25BC64F19ED788900330923 /* ModifyConstraint.swift */,
				E24CD06219EE1D08008A127F /* DemoOptions.swift */,
			);
			name = AutolayoutByProgramming;
			sourceTree = "<group>";
		};
		E2E6448E1E5FE32600892F71 /* Images */ = {
			isa = PBXGroup;
			children = (
				CB8370511E67E750009667E5 /* board.png */,
				CB8370521E67E750009667E5 /* Cartoon-Springs-PPT-Backgrounds-1024x768.jpg */,
				CB8370531E67E750009667E5 /* note1.png */,
				CB8370541E67E750009667E5 /* note2.png */,
				CB8370551E67E750009667E5 /* note3.png */,
				CB83703C1E67C3B7009667E5 /* 820283.jpg */,
				CB83703D1E67C3B7009667E5 /* playboy.jpg */,
				E20FBDC01D86B7160082E572 /* Default-568h@2x.png */,
				CBEDC36B1E5E9EB300002BC2 /* bottom_1376_167.png */,
				CBEDC36C1E5E9EB300002BC2 /* mid_1376_577.png */,
				CBEDC36D1E5E9EB300002BC2 /* top_1376_111.png */,
			);
			name = Images;
			sourceTree = "<group>";
		};
/* End PBXGroup section */

/* Begin PBXNativeTarget section */
		E27AA84219EB7587005705EE /* DemoAdaptiveLayout */ = {
			isa = PBXNativeTarget;
			buildConfigurationList = E27AA86219EB7587005705EE /* Build configuration list for PBXNativeTarget "DemoAdaptiveLayout" */;
			buildPhases = (
				E27AA83F19EB7587005705EE /* Sources */,
				E27AA84019EB7587005705EE /* Frameworks */,
				E27AA84119EB7587005705EE /* Resources */,
			);
			buildRules = (
			);
			dependencies = (
			);
			name = DemoAdaptiveLayout;
			productName = DemoAdaptiveLayout;
			productReference = E27AA84319EB7587005705EE /* DemoAdaptiveLayout.app */;
			productType = "com.apple.product-type.application";
		};
/* End PBXNativeTarget section */

/* Begin PBXProject section */
		E27AA83B19EB7587005705EE /* Project object */ = {
			isa = PBXProject;
			attributes = {
				LastSwiftMigration = 0730;
				LastSwiftUpdateCheck = 0730;
				LastUpgradeCheck = 0800;
				ORGANIZATIONNAME = "Techmaster Vietnam";
				TargetAttributes = {
					E27AA84219EB7587005705EE = {
						CreatedOnToolsVersion = 6.1;
						LastSwiftMigration = 0800;
					};
				};
			};
			buildConfigurationList = E27AA83E19EB7587005705EE /* Build configuration list for PBXProject "DemoAdaptiveLayout" */;
			compatibilityVersion = "Xcode 3.2";
			developmentRegion = English;
			hasScannedForEncodings = 0;
			knownRegions = (
				en,
				Base,
			);
			mainGroup = E27AA83A19EB7587005705EE;
			productRefGroup = E27AA84419EB7587005705EE /* Products */;
			projectDirPath = "";
			projectRoot = "";
			targets = (
				E27AA84219EB7587005705EE /* DemoAdaptiveLayout */,
			);
		};
/* End PBXProject section */

/* Begin PBXResourcesBuildPhase section */
		E27AA84119EB7587005705EE /* Resources */ = {
			isa = PBXResourcesBuildPhase;
			buildActionMask = 2147483647;
			files = (
				CBEDC36E1E5E9EB300002BC2 /* bottom_1376_167.png in Resources */,
				B12A67AC1D878423005CB6BD /* AxisVertical.xib in Resources */,
				CB83704B1E67E383009667E5 /* RelationPriority.xib in Resources */,
				B12A67C81D8788BB005CB6BD /* DistributionEqualSpacing.xib in Resources */,
				CB8370591E67E750009667E5 /* note2.png in Resources */,
				E27AA85019EB7587005705EE /* Images.xcassets in Resources */,
				B12A67B01D87847B005CB6BD /* AlignCenter.xib in Resources */,
				CB8370581E67E750009667E5 /* note1.png in Resources */,
				B12A67C01D8785BA005CB6BD /* DistributionFill.xib in Resources */,
				CB83703E1E67C3B7009667E5 /* 820283.jpg in Resources */,
				B12A67CC1D878943005CB6BD /* DistributionEqualCentering.xib in Resources */,
				CB8370431E67C43B009667E5 /* TopLeftBottomRight.xib in Resources */,
				B12A67B41D8784E6005CB6BD /* AlignFirstLine.xib in Resources */,
				B12A67B81D878523005CB6BD /* AlignLastLine.xib in Resources */,
				B12A67C41D878645005CB6BD /* DistributionProportionally.xib in Resources */,
				E27AA88619EB7BD3005705EE /* CenterView.xib in Resources */,
				CB8370571E67E750009667E5 /* Cartoon-Springs-PPT-Backgrounds-1024x768.jpg in Resources */,
				CBEDC3701E5E9EB300002BC2 /* top_1376_111.png in Resources */,
				CB83705A1E67E750009667E5 /* note3.png in Resources */,
				CB8370501E67E734009667E5 /* Challenge1.xib in Resources */,
				E27AA89019EB828A005705EE /* MarginWithOther.xib in Resources */,
				CBEDC36A1E5E918B00002BC2 /* UIScrollView.xib in Resources */,
				E27AA88C19EB7E95005705EE /* CenterMarginView.xib in Resources */,
				CBEDC3741E5EA1E800002BC2 /* SizeClasses.xib in Resources */,
				B12A67A81D87832F005CB6BD /* AxisHorizontal.xib in Resources */,
				CB83703F1E67C3B7009667E5 /* playboy.jpg in Resources */,
				CB8370561E67E750009667E5 /* board.png in Resources */,
				CB8B146B1E5EEB0F003139B7 /* BasicLayout.xib in Resources */,
				CB8370471E67D21A009667E5 /* CenterHVBaseLine.xib in Resources */,
				CBEDC36F1E5E9EB300002BC2 /* mid_1376_577.png in Resources */,
				E20FBDC11D86B7160082E572 /* Default-568h@2x.png in Resources */,
				E2E644941E5FE67E00892F71 /* RawScrollView.xib in Resources */,
				B12A67BC1D87855E005CB6BD /* AlignTrailing.xib in Resources */,
			);
			runOnlyForDeploymentPostprocessing = 0;
		};
/* End PBXResourcesBuildPhase section */

/* Begin PBXSourcesBuildPhase section */
		E27AA83F19EB7587005705EE /* Sources */ = {
			isa = PBXSourcesBuildPhase;
			buildActionMask = 2147483647;
			files = (
				E25BC64A19ED3B6E00330923 /* FourSquares.swift in Sources */,
				B12A67B71D878523005CB6BD /* AlignLastLine.swift in Sources */,
				E2C79D5219ED115900763FF5 /* CenterX.swift in Sources */,
				B12A67A71D87832F005CB6BD /* AxisHorizontal.swift in Sources */,
				B12A67C31D878645005CB6BD /* DistributionProportionally.swift in Sources */,
				B12A67AF1D87847B005CB6BD /* AlignCenter.swift in Sources */,
				B12A67B31D8784E6005CB6BD /* AlignFirstLine.swift in Sources */,
				CB8B146A1E5EEB0F003139B7 /* BasicLayout.swift in Sources */,
				E2F2AA0219ED2A860001D7DC /* CenterAll.swift in Sources */,
				E20FBDBC1D86B6220082E572 /* AppDelegate.swift in Sources */,
				E2F2AA0419ED2C6F0001D7DC /* EqualWidth.swift in Sources */,
				E2E644931E5FE67E00892F71 /* RawScrollView.swift in Sources */,
				CBEDC3691E5E918B00002BC2 /* UIScrollView.swift in Sources */,
				E27AA88F19EB828A005705EE /* MarginWithOther.swift in Sources */,
				E20FBDBF1D86B6220082E572 /* MainScreen.swift in Sources */,
				B12A67BB1D87855E005CB6BD /* AlignTrailing.swift in Sources */,
				B12A67BF1D8785BA005CB6BD /* DistributionFill.swift in Sources */,
				E2F2AA0A19ED37FE0001D7DC /* DemoMultipler.swift in Sources */,
				E2E863AD19EBDE8E00AE1DB8 /* UIViewLayout.swift in Sources */,
				CB83704A1E67E383009667E5 /* RelationPriority.swift in Sources */,
				CBEDC3731E5EA1E800002BC2 /* SizeClasses.swift in Sources */,
				E25BC64E19ED727200330923 /* DemoIntrinsicContentSize.swift in Sources */,
				E27AA88B19EB7E95005705EE /* CenterMarginView.swift in Sources */,
				CB8370421E67C43B009667E5 /* TopLeftBottomRight.swift in Sources */,
				B12A67AB1D878423005CB6BD /* AxisVertical.swift in Sources */,
				E2E644901E5FE4E500892F71 /* ReadMe.md in Sources */,
				E25BC64C19ED59BD00330923 /* UpdateConstrainOnRotation.swift in Sources */,
				B12A67CB1D878943005CB6BD /* DistributionEqualCentering.swift in Sources */,
				CB8370461E67D21A009667E5 /* CenterHVBaseLine.swift in Sources */,
				CB83704F1E67E734009667E5 /* Challenge1.swift in Sources */,
				E2F2AA0819ED35590001D7DC /* DemoMetrics.swift in Sources */,
				E20FBDBD1D86B6220082E572 /* BootLogic.swift in Sources */,
				E27AA88519EB7BD3005705EE /* CenterView.swift in Sources */,
				E24CD06319EE1D08008A127F /* DemoOptions.swift in Sources */,
				E25BC65019ED788900330923 /* ModifyConstraint.swift in Sources */,
				B12A67C71D8788BB005CB6BD /* DistributionEqualSpacing.swift in Sources */,
				E20FBDBE1D86B6220082E572 /* ConsoleScreen.swift in Sources */,
			);
			runOnlyForDeploymentPostprocessing = 0;
		};
/* End PBXSourcesBuildPhase section */

/* Begin XCBuildConfiguration section */
		E27AA86019EB7587005705EE /* Debug */ = {
			isa = XCBuildConfiguration;
			buildSettings = {
				ALWAYS_SEARCH_USER_PATHS = NO;
				CLANG_CXX_LANGUAGE_STANDARD = "gnu++0x";
				CLANG_CXX_LIBRARY = "libc++";
				CLANG_ENABLE_MODULES = YES;
				CLANG_ENABLE_OBJC_ARC = YES;
				CLANG_WARN_BOOL_CONVERSION = YES;
				CLANG_WARN_CONSTANT_CONVERSION = YES;
				CLANG_WARN_DIRECT_OBJC_ISA_USAGE = YES_ERROR;
				CLANG_WARN_EMPTY_BODY = YES;
				CLANG_WARN_ENUM_CONVERSION = YES;
				CLANG_WARN_INFINITE_RECURSION = YES;
				CLANG_WARN_INT_CONVERSION = YES;
				CLANG_WARN_OBJC_ROOT_CLASS = YES_ERROR;
				CLANG_WARN_SUSPICIOUS_MOVE = YES;
				CLANG_WARN_UNREACHABLE_CODE = YES;
				CLANG_WARN__DUPLICATE_METHOD_MATCH = YES;
				"CODE_SIGN_IDENTITY[sdk=iphoneos*]" = "iPhone Developer";
				COPY_PHASE_STRIP = NO;
				ENABLE_STRICT_OBJC_MSGSEND = YES;
				ENABLE_TESTABILITY = YES;
				GCC_C_LANGUAGE_STANDARD = gnu99;
				GCC_DYNAMIC_NO_PIC = NO;
				GCC_NO_COMMON_BLOCKS = YES;
				GCC_OPTIMIZATION_LEVEL = 0;
				GCC_PREPROCESSOR_DEFINITIONS = (
					"DEBUG=1",
					"$(inherited)",
				);
				GCC_SYMBOLS_PRIVATE_EXTERN = NO;
				GCC_WARN_64_TO_32_BIT_CONVERSION = YES;
				GCC_WARN_ABOUT_RETURN_TYPE = YES_ERROR;
				GCC_WARN_UNDECLARED_SELECTOR = YES;
				GCC_WARN_UNINITIALIZED_AUTOS = YES_AGGRESSIVE;
				GCC_WARN_UNUSED_FUNCTION = YES;
				GCC_WARN_UNUSED_VARIABLE = YES;
				IPHONEOS_DEPLOYMENT_TARGET = 10.0;
				MTL_ENABLE_DEBUG_INFO = YES;
				ONLY_ACTIVE_ARCH = YES;
				SDKROOT = iphoneos;
				SWIFT_INSTALL_OBJC_HEADER = NO;
				SWIFT_OPTIMIZATION_LEVEL = "-Onone";
				TARGETED_DEVICE_FAMILY = "1,2";
			};
			name = Debug;
		};
		E27AA86119EB7587005705EE /* Release */ = {
			isa = XCBuildConfiguration;
			buildSettings = {
				ALWAYS_SEARCH_USER_PATHS = NO;
				CLANG_CXX_LANGUAGE_STANDARD = "gnu++0x";
				CLANG_CXX_LIBRARY = "libc++";
				CLANG_ENABLE_MODULES = YES;
				CLANG_ENABLE_OBJC_ARC = YES;
				CLANG_WARN_BOOL_CONVERSION = YES;
				CLANG_WARN_CONSTANT_CONVERSION = YES;
				CLANG_WARN_DIRECT_OBJC_ISA_USAGE = YES_ERROR;
				CLANG_WARN_EMPTY_BODY = YES;
				CLANG_WARN_ENUM_CONVERSION = YES;
				CLANG_WARN_INFINITE_RECURSION = YES;
				CLANG_WARN_INT_CONVERSION = YES;
				CLANG_WARN_OBJC_ROOT_CLASS = YES_ERROR;
				CLANG_WARN_SUSPICIOUS_MOVE = YES;
				CLANG_WARN_UNREACHABLE_CODE = YES;
				CLANG_WARN__DUPLICATE_METHOD_MATCH = YES;
				"CODE_SIGN_IDENTITY[sdk=iphoneos*]" = "iPhone Developer";
				COPY_PHASE_STRIP = YES;
				ENABLE_NS_ASSERTIONS = NO;
				ENABLE_STRICT_OBJC_MSGSEND = YES;
				GCC_C_LANGUAGE_STANDARD = gnu99;
				GCC_NO_COMMON_BLOCKS = YES;
				GCC_WARN_64_TO_32_BIT_CONVERSION = YES;
				GCC_WARN_ABOUT_RETURN_TYPE = YES_ERROR;
				GCC_WARN_UNDECLARED_SELECTOR = YES;
				GCC_WARN_UNINITIALIZED_AUTOS = YES_AGGRESSIVE;
				GCC_WARN_UNUSED_FUNCTION = YES;
				GCC_WARN_UNUSED_VARIABLE = YES;
				IPHONEOS_DEPLOYMENT_TARGET = 10.0;
				MTL_ENABLE_DEBUG_INFO = NO;
				SDKROOT = iphoneos;
				SWIFT_INSTALL_OBJC_HEADER = NO;
				SWIFT_OPTIMIZATION_LEVEL = "-Owholemodule";
				TARGETED_DEVICE_FAMILY = "1,2";
				VALIDATE_PRODUCT = YES;
			};
			name = Release;
		};
		E27AA86319EB7587005705EE /* Debug */ = {
			isa = XCBuildConfiguration;
			buildSettings = {
				ASSETCATALOG_COMPILER_APPICON_NAME = AppIcon;
				CLANG_ENABLE_MODULES = YES;
				INFOPLIST_FILE = DemoAdaptiveLayout/Info.plist;
				LD_RUNPATH_SEARCH_PATHS = "$(inherited) @executable_path/Frameworks";
				PRODUCT_BUNDLE_IDENTIFIER = "vn.techmaster.$(PRODUCT_NAME:rfc1034identifier)";
				PRODUCT_NAME = "$(TARGET_NAME)";
				SWIFT_OPTIMIZATION_LEVEL = "-Onone";
				SWIFT_VERSION = 3.0;
			};
			name = Debug;
		};
		E27AA86419EB7587005705EE /* Release */ = {
			isa = XCBuildConfiguration;
			buildSettings = {
				ASSETCATALOG_COMPILER_APPICON_NAME = AppIcon;
				CLANG_ENABLE_MODULES = YES;
				INFOPLIST_FILE = DemoAdaptiveLayout/Info.plist;
				LD_RUNPATH_SEARCH_PATHS = "$(inherited) @executable_path/Frameworks";
				PRODUCT_BUNDLE_IDENTIFIER = "vn.techmaster.$(PRODUCT_NAME:rfc1034identifier)";
				PRODUCT_NAME = "$(TARGET_NAME)";
				SWIFT_VERSION = 3.0;
			};
			name = Release;
		};
/* End XCBuildConfiguration section */

/* Begin XCConfigurationList section */
		E27AA83E19EB7587005705EE /* Build configuration list for PBXProject "DemoAdaptiveLayout" */ = {
			isa = XCConfigurationList;
			buildConfigurations = (
				E27AA86019EB7587005705EE /* Debug */,
				E27AA86119EB7587005705EE /* Release */,
			);
			defaultConfigurationIsVisible = 0;
			defaultConfigurationName = Release;
		};
		E27AA86219EB7587005705EE /* Build configuration list for PBXNativeTarget "DemoAdaptiveLayout" */ = {
			isa = XCConfigurationList;
			buildConfigurations = (
				E27AA86319EB7587005705EE /* Debug */,
				E27AA86419EB7587005705EE /* Release */,
			);
			defaultConfigurationIsVisible = 0;
			defaultConfigurationName = Release;
		};
/* End XCConfigurationList section */
	};
	rootObject = E27AA83B19EB7587005705EE /* Project object */;
}
